
Microsoft Visual Studio Solution File, Format Version 12.00
# Visual Studio Version 17
VisualStudioVersion = 17.8.34408.163
MinimumVisualStudioVersion = 10.0.40219.1
Project("{FAE04EC0-301F-11D3-BF4B-00C04F79EFBC}") = "Fitness Tracking System", "Fitness Tracking System\Fitness Tracking System.csproj", "{EB8949E9-5142-49D2-ACF9-558190AE7848}"
EndProject
Global
	GlobalSection(SolutionConfigurationPlatforms) = preSolution
		Debug|Any CPU = Debug|Any CPU
		Release|Any CPU = Release|Any CPU
	EndGlobalSection
	GlobalSection(ProjectConfigurationPlatforms) = postSolution
		{EB8949E9-5142-49D2-ACF9-558190AE7848}.Debug|Any CPU.ActiveCfg = Debug|Any CPU
		{EB8949E9-5142-49D2-ACF9-558190AE7848}.Debug|Any CPU.Build.0 = Debug|Any CPU
		{EB8949E9-5142-49D2-ACF9-558190AE7848}.Release|Any CPU.ActiveCfg = Release|Any CPU
		{EB8949E9-5142-49D2-ACF9-558190AE7848}.Release|Any CPU.Build.0 = Release|Any CPU
	EndGlobalSection
	GlobalSection(SolutionProperties) = preSolution
		HideSolutionNode = FALSE
	EndGlobalSection
	GlobalSection(ExtensibilityGlobals) = postSolution
		SolutionGuid = {FF3AEA06-9B5C-4C1A-A4E4-47E6E5B18A48}
	EndGlobalSection
EndGlobal
